
Microsoft Visual Studio Solution File, Format Version 12.00
# Visual Studio 15
Project("{FAE04EC0-301F-11D3-BF4B-00C04F79EFBC}") = "Assembly-CSharp", "Assembly-CSharp.csproj", "{1D008E0E-5222-B540-B82C-BF19FB8CF4D2}"
EndProject
Project("{FAE04EC0-301F-11D3-BF4B-00C04F79EFBC}") = "Assembly-CSharp-Editor", "Assembly-CSharp-Editor.csproj", "{BEC216C9-A65D-C870-E8B5-D2FC85C30E94}"
EndProject
Global
	GlobalSection(SolutionConfigurationPlatforms) = preSolution
		Debug|Any CPU = Debug|Any CPU
		Release|Any CPU = Release|Any CPU
	EndGlobalSection
	GlobalSection(ProjectConfigurationPlatforms) = postSolution
		{1D008E0E-5222-B540-B82C-BF19FB8CF4D2}.Debug|Any CPU.ActiveCfg = Debug|Any CPU
		{1D008E0E-5222-B540-B82C-BF19FB8CF4D2}.Debug|Any CPU.Build.0 = Debug|Any CPU
		{1D008E0E-5222-B540-B82C-BF19FB8CF4D2}.Release|Any CPU.ActiveCfg = Release|Any CPU
		{1D008E0E-5222-B540-B82C-BF19FB8CF4D2}.Release|Any CPU.Build.0 = Release|Any CPU
		{BEC216C9-A65D-C870-E8B5-D2FC85C30E94}.Debug|Any CPU.ActiveCfg = Debug|Any CPU
		{BEC216C9-A65D-C870-E8B5-D2FC85C30E94}.Debug|Any CPU.Build.0 = Debug|Any CPU
		{BEC216C9-A65D-C870-E8B5-D2FC85C30E94}.Release|Any CPU.ActiveCfg = Release|Any CPU
		{BEC216C9-A65D-C870-E8B5-D2FC85C30E94}.Release|Any CPU.Build.0 = Release|Any CPU
	EndGlobalSection
	GlobalSection(SolutionProperties) = preSolution
		HideSolutionNode = FALSE
	EndGlobalSection
EndGlobal
